[[package]]
name = "hex-slice"
version = "0.1.4"
source = "registry+https://github.com/rust-lang/crates.io-index"

[[package]]
name = "md5"
version = "0.6.1"
source = "registry+https://github.com/rust-lang/crates.io-index"

[[package]]
name = "md5_phone_collision"
version = "0.1.0"
dependencies = [
 "hex-slice 0.1.4 (registry+https://github.com/rust-lang/crates.io-index)",
 "md5 0.6.1 (registry+https://github.com/rust-lang/crates.io-index)",
]

[metadata]
"checksum hex-slice 0.1.4 (registry+https://github.com/rust-lang/crates.io-index)" = "5491a308e0214554f07a81d8944abe45f552871c12e3c3c6e7e5d354039a6c4c"
"checksum md5 0.6.1 (registry+https://github.com/rust-lang/crates.io-index)" = "7e6bcd6433cff03a4bfc3d9834d504467db1f1cf6d0ea765d37d330249ed629d"
