[[package]]
name = "hashbrown"
version = "0.2.0"
source = "registry+https://github.com/rust-lang/crates.io-index"

[[package]]
name = "md5"
version = "0.6.1"
source = "registry+https://github.com/rust-lang/crates.io-index"

[[package]]
name = "md5_phone_collision"
version = "0.1.0"
dependencies = [
 "hashbrown 0.2.0 (registry+https://github.com/rust-lang/crates.io-index)",
 "md5 0.6.1 (registry+https://github.com/rust-lang/crates.io-index)",
]

[metadata]
"checksum hashbrown 0.2.0 (registry+https://github.com/rust-lang/crates.io-index)" = "58623735fa622916205f9e0a52a031b25b0e251ddaef47f7cb288444c4410beb"
"checksum md5 0.6.1 (registry+https://github.com/rust-lang/crates.io-index)" = "7e6bcd6433cff03a4bfc3d9834d504467db1f1cf6d0ea765d37d330249ed629d"
